
Microsoft Visual Studio Solution File, Format Version 12.00
# Visual Studio Version 17
VisualStudioVersion = 17.10.34707.107
MinimumVisualStudioVersion = 10.0.40219.1
Project("{FAE04EC0-301F-11D3-BF4B-00C04F79EFBC}") = "MazeGen", "MazeGen.csproj", "{19BB8249-C188-4BBB-93D9-991D31E8C919}"
EndProject
Global
	GlobalSection(SolutionConfigurationPlatforms) = preSolution
		Debug|Any CPU = Debug|Any CPU
		Release|Any CPU = Release|Any CPU
	EndGlobalSection
	GlobalSection(ProjectConfigurationPlatforms) = postSolution
		{19BB8249-C188-4BBB-93D9-991D31E8C919}.Debug|Any CPU.ActiveCfg = Debug|Any CPU
		{19BB8249-C188-4BBB-93D9-991D31E8C919}.Debug|Any CPU.Build.0 = Debug|Any CPU
		{19BB8249-C188-4BBB-93D9-991D31E8C919}.Release|Any CPU.ActiveCfg = Release|Any CPU
		{19BB8249-C188-4BBB-93D9-991D31E8C919}.Release|Any CPU.Build.0 = Release|Any CPU
	EndGlobalSection
	GlobalSection(SolutionProperties) = preSolution
		HideSolutionNode = FALSE
	EndGlobalSection
	GlobalSection(ExtensibilityGlobals) = postSolution
		SolutionGuid = {FB7A5CF1-F952-4EB4-93F1-61B473B5AFBD}
	EndGlobalSection
EndGlobal
